Microsoft Visual Studio Solution File, Format Version 12.00
# Visual Studio Version 17
VisualStudioVersion = 17.13.35919.96
MinimumVisualStudioVersion = 10.0.40219.1
Project("{FAE04EC0-301F-11D3-BF4B-00C04F79EFBC}") = "project", "project\project.csproj", "{982E7783-1E76-4250-8B37-A96B8643DE3D}"
EndProject
Global
	GlobalSection(SolutionConfigurationPlatforms) = preSolution
		Debug|Any CPU = Debug|Any CPU
		Release|Any CPU = Release|Any CPU
	EndGlobalSection
	GlobalSection(ProjectConfigurationPlatforms) = postSolution
		{982E7783-1E76-4250-8B37-A96B8643DE3D}.Debug|Any CPU.ActiveCfg = Debug|Any CPU
		{982E7783-1E76-4250-8B37-A96B8643DE3D}.Debug|Any CPU.Build.0 = Debug|Any CPU
		{982E7783-1E76-4250-8B37-A96B8643DE3D}.Release|Any CPU.ActiveCfg = Release|Any CPU
		{982E7783-1E76-4250-8B37-A96B8643DE3D}.Release|Any CPU.Build.0 = Release|Any CPU
	EndGlobalSection
	GlobalSection(SolutionProperties) = preSolution
		HideSolutionNode = FALSE
	EndGlobalSection
	GlobalSection(ExtensibilityGlobals) = postSolution
		SolutionGuid = {011BDF6B-9696-4490-A8F7-7A01AAEFECC7}
	EndGlobalSection
EndGlobal
